PODS:
  - libsodium (1.0.3)
  - ZXingObjC (3.1.0):
    - ZXingObjC/All (= 3.1.0)
  - ZXingObjC/All (3.1.0)

DEPENDENCIES:
  - libsodium
  - ZXingObjC (~> 3.1.0)

SPEC CHECKSUMS:
  libsodium: be547e31dc75725629acc5717dc0a40fc05ef243
  ZXingObjC: bf15b3814f7a105b6d99f47da2333c93a063650a

PODFILE CHECKSUM: 8bb8520ee3c45cc913c12a706643e44707ed659f

COCOAPODS: 1.0.0
